
Microsoft Visual Studio Solution File, Format Version 12.00
# Visual Studio Version 16
VisualStudioVersion = 16.0.30413.136
MinimumVisualStudioVersion = 10.0.40219.1
Project("{FAE04EC0-301F-11D3-BF4B-00C04F79EFBC}") = "HerenciaPrueba", "HerenciaPrueba.csproj", "{32B8A62B-DB2E-48BE-ADED-13F02CEE58C1}"
EndProject
Project("{2150E333-8FDC-42A3-9474-1A3956D46DE8}") = "Solution Items", "Solution Items", "{A31609E5-2ED3-4584-B1F1-9EFAC464CE67}"
EndProject
Global
	GlobalSection(SolutionConfigurationPlatforms) = preSolution
		Debug|Any CPU = Debug|Any CPU
		Release|Any CPU = Release|Any CPU
	EndGlobalSection
	GlobalSection(ProjectConfigurationPlatforms) = postSolution
		{32B8A62B-DB2E-48BE-ADED-13F02CEE58C1}.Debug|Any CPU.ActiveCfg = Debug|Any CPU
		{32B8A62B-DB2E-48BE-ADED-13F02CEE58C1}.Debug|Any CPU.Build.0 = Debug|Any CPU
		{32B8A62B-DB2E-48BE-ADED-13F02CEE58C1}.Release|Any CPU.ActiveCfg = Release|Any CPU
		{32B8A62B-DB2E-48BE-ADED-13F02CEE58C1}.Release|Any CPU.Build.0 = Release|Any CPU
	EndGlobalSection
	GlobalSection(SolutionProperties) = preSolution
		HideSolutionNode = FALSE
	EndGlobalSection
	GlobalSection(ExtensibilityGlobals) = postSolution
		SolutionGuid = {047D08A0-3B17-4CD6-BDBD-363B1FEF4A4D}
	EndGlobalSection
EndGlobal
