
Microsoft Visual Studio Solution File, Format Version 12.00
# Visual Studio Version 16
VisualStudioVersion = 16.0.29215.179
MinimumVisualStudioVersion = 10.0.40219.1
Project("{FAE04EC0-301F-11D3-BF4B-00C04F79EFBC}") = "ListViewPrueba", "ListViewPrueba.csproj", "{D148518E-B236-43ED-8194-6A0D8AA6F056}"
EndProject
Global
	GlobalSection(SolutionConfigurationPlatforms) = preSolution
		Debug|Any CPU = Debug|Any CPU
		Release|Any CPU = Release|Any CPU
	EndGlobalSection
	GlobalSection(ProjectConfigurationPlatforms) = postSolution
		{D148518E-B236-43ED-8194-6A0D8AA6F056}.Debug|Any CPU.ActiveCfg = Debug|Any CPU
		{D148518E-B236-43ED-8194-6A0D8AA6F056}.Debug|Any CPU.Build.0 = Debug|Any CPU
		{D148518E-B236-43ED-8194-6A0D8AA6F056}.Release|Any CPU.ActiveCfg = Release|Any CPU
		{D148518E-B236-43ED-8194-6A0D8AA6F056}.Release|Any CPU.Build.0 = Release|Any CPU
	EndGlobalSection
	GlobalSection(SolutionProperties) = preSolution
		HideSolutionNode = FALSE
	EndGlobalSection
	GlobalSection(ExtensibilityGlobals) = postSolution
		SolutionGuid = {CC7F3A69-72B9-45D9-B2A8-E229CD74A7E7}
	EndGlobalSection
EndGlobal
