
Microsoft Visual Studio Solution File, Format Version 12.00
# Visual Studio Version 16
VisualStudioVersion = 16.0.30717.126
MinimumVisualStudioVersion = 10.0.40219.1
Project("{FAE04EC0-301F-11D3-BF4B-00C04F79EFBC}") = "Menu Contextual", "Menu Contextual.csproj", "{2F30E7AE-2951-49C3-BF83-D367D3B7D0CB}"
EndProject
Global
	GlobalSection(SolutionConfigurationPlatforms) = preSolution
		Debug|Any CPU = Debug|Any CPU
		Release|Any CPU = Release|Any CPU
	EndGlobalSection
	GlobalSection(ProjectConfigurationPlatforms) = postSolution
		{2F30E7AE-2951-49C3-BF83-D367D3B7D0CB}.Debug|Any CPU.ActiveCfg = Debug|Any CPU
		{2F30E7AE-2951-49C3-BF83-D367D3B7D0CB}.Debug|Any CPU.Build.0 = Debug|Any CPU
		{2F30E7AE-2951-49C3-BF83-D367D3B7D0CB}.Release|Any CPU.ActiveCfg = Release|Any CPU
		{2F30E7AE-2951-49C3-BF83-D367D3B7D0CB}.Release|Any CPU.Build.0 = Release|Any CPU
	EndGlobalSection
	GlobalSection(SolutionProperties) = preSolution
		HideSolutionNode = FALSE
	EndGlobalSection
	GlobalSection(ExtensibilityGlobals) = postSolution
		SolutionGuid = {BE281A29-56D5-4214-8193-C1E3D8DDBFAD}
	EndGlobalSection
EndGlobal
